<?xml version="1.0" encoding="utf-8"?>
<Project ToolsVersion="4.0" xmlns="http://schemas.microsoft.com/developer/msbuild/2003">
  <ItemGroup>
    <ClCompile Include="Source\Dll.cpp" />
    <ClCompile Include="Source\FangBot.cpp" />
    <ClCompile Include="Base.cpp">
      <Filter>BaseManagement</Filter>
    </ClCompile>
    <ClCompile Include="BaseManager.cpp">
      <Filter>BaseManagement</Filter>
    </ClCompile>
    <ClCompile Include="UnitManager.cpp" />
    <ClCompile Include="FangController.cpp" />
  </ItemGroup>
  <ItemGroup>
    <ClInclude Include="Source\FangBot.h" />
    <ClInclude Include="Base.h">
      <Filter>BaseManagement</Filter>
    </ClInclude>
    <ClInclude Include="BaseManager.h">
      <Filter>BaseManagement</Filter>
    </ClInclude>
    <ClInclude Include="UnitManager.h" />
    <ClInclude Include="FangController.h" />
  </ItemGroup>
  <ItemGroup>
    <Filter Include="BaseManagement">
      <UniqueIdentifier>{4f59a858-b091-4cca-9425-68ef39df7c06}</UniqueIdentifier>
    </Filter>
  </ItemGroup>
  <ItemGroup>
    <ResourceCompile Include="FangBot.rc" />
  </ItemGroup>
</Project>